
Microsoft Visual Studio Solution File, Format Version 12.00
# Visual Studio Version 17
VisualStudioVersion = 17.13.35828.75 d17.13
MinimumVisualStudioVersion = 10.0.40219.1
Project("{FAE04EC0-301F-11D3-BF4B-00C04F79EFBC}") = "Publish_Receive", "Publish_Receive\Publish_Receive.csproj", "{21CA98F6-6EDC-449E-81E9-7896A3E29690}"
EndProject
Project("{FAE04EC0-301F-11D3-BF4B-00C04F79EFBC}") = "Subscriber", "Subscriber\Subscriber.csproj", "{B4D52CCF-FC5B-42E1-8D5F-1F769F626D6B}"
EndProject
Global
	GlobalSection(SolutionConfigurationPlatforms) = preSolution
		Debug|Any CPU = Debug|Any CPU
		Release|Any CPU = Release|Any CPU
	EndGlobalSection
	GlobalSection(ProjectConfigurationPlatforms) = postSolution
		{21CA98F6-6EDC-449E-81E9-7896A3E29690}.Debug|Any CPU.ActiveCfg = Debug|Any CPU
		{21CA98F6-6EDC-449E-81E9-7896A3E29690}.Debug|Any CPU.Build.0 = Debug|Any CPU
		{21CA98F6-6EDC-449E-81E9-7896A3E29690}.Release|Any CPU.ActiveCfg = Release|Any CPU
		{21CA98F6-6EDC-449E-81E9-7896A3E29690}.Release|Any CPU.Build.0 = Release|Any CPU
		{B4D52CCF-FC5B-42E1-8D5F-1F769F626D6B}.Debug|Any CPU.ActiveCfg = Debug|Any CPU
		{B4D52CCF-FC5B-42E1-8D5F-1F769F626D6B}.Debug|Any CPU.Build.0 = Debug|Any CPU
		{B4D52CCF-FC5B-42E1-8D5F-1F769F626D6B}.Release|Any CPU.ActiveCfg = Release|Any CPU
		{B4D52CCF-FC5B-42E1-8D5F-1F769F626D6B}.Release|Any CPU.Build.0 = Release|Any CPU
	EndGlobalSection
	GlobalSection(SolutionProperties) = preSolution
		HideSolutionNode = FALSE
	EndGlobalSection
	GlobalSection(ExtensibilityGlobals) = postSolution
		SolutionGuid = {1228576B-58EC-4999-B02F-12F43817A70F}
	EndGlobalSection
EndGlobal
