
Microsoft Visual Studio Solution File, Format Version 12.00
# Visual Studio Version 17
VisualStudioVersion = 17.13.35825.156 d17.13
MinimumVisualStudioVersion = 10.0.40219.1
Project("{FAE04EC0-301F-11D3-BF4B-00C04F79EFBC}") = "Aula2", "Aula2\Aula2.csproj", "{97450614-AF45-4720-B62E-C01B4C9BD8FB}"
EndProject
Global
	GlobalSection(SolutionConfigurationPlatforms) = preSolution
		Debug|Any CPU = Debug|Any CPU
		Release|Any CPU = Release|Any CPU
	EndGlobalSection
	GlobalSection(ProjectConfigurationPlatforms) = postSolution
		{97450614-AF45-4720-B62E-C01B4C9BD8FB}.Debug|Any CPU.ActiveCfg = Debug|Any CPU
		{97450614-AF45-4720-B62E-C01B4C9BD8FB}.Debug|Any CPU.Build.0 = Debug|Any CPU
		{97450614-AF45-4720-B62E-C01B4C9BD8FB}.Release|Any CPU.ActiveCfg = Release|Any CPU
		{97450614-AF45-4720-B62E-C01B4C9BD8FB}.Release|Any CPU.Build.0 = Release|Any CPU
	EndGlobalSection
	GlobalSection(SolutionProperties) = preSolution
		HideSolutionNode = FALSE
	EndGlobalSection
	GlobalSection(ExtensibilityGlobals) = postSolution
		SolutionGuid = {64B77B52-98EE-437C-A2C0-6C860FDC6CDB}
	EndGlobalSection
EndGlobal
